
Microsoft Visual Studio Solution File, Format Version 12.00
# Visual Studio Version 17
VisualStudioVersion = 17.7.34031.279
MinimumVisualStudioVersion = 10.0.40219.1
Project("{9A19103F-16F7-4668-BE54-9A1E7A4F7556}") = "CSharpExamples", "CSharpExamples\CSharpExamples.csproj", "{179176A3-FBC4-4DC7-95EA-5614FE237BF0}"
EndProject
Project("{FAE04EC0-301F-11D3-BF4B-00C04F79EFBC}") = "Networking", "Networking\Networking.csproj", "{F4F22364-004D-48C2-97ED-59EEA3CAE010}"
EndProject
Project("{FAE04EC0-301F-11D3-BF4B-00C04F79EFBC}") = "OpenAI", "OpenAI\OpenAI.csproj", "{47E5A811-4132-4E51-97A2-87621B136A83}"
EndProject
Project("{9A19103F-16F7-4668-BE54-9A1E7A4F7556}") = "ChatGPTExamples", "ChatGPTExamples\ChatGPTExamples.csproj", "{4EC0EF52-E96C-452F-918B-4A808D732E59}"
EndProject
Global
	GlobalSection(SolutionConfigurationPlatforms) = preSolution
		Debug|Any CPU = Debug|Any CPU
		Release|Any CPU = Release|Any CPU
	EndGlobalSection
	GlobalSection(ProjectConfigurationPlatforms) = postSolution
		{179176A3-FBC4-4DC7-95EA-5614FE237BF0}.Debug|Any CPU.ActiveCfg = Debug|Any CPU
		{179176A3-FBC4-4DC7-95EA-5614FE237BF0}.Debug|Any CPU.Build.0 = Debug|Any CPU
		{179176A3-FBC4-4DC7-95EA-5614FE237BF0}.Release|Any CPU.ActiveCfg = Release|Any CPU
		{179176A3-FBC4-4DC7-95EA-5614FE237BF0}.Release|Any CPU.Build.0 = Release|Any CPU
		{F4F22364-004D-48C2-97ED-59EEA3CAE010}.Debug|Any CPU.ActiveCfg = Debug|Any CPU
		{F4F22364-004D-48C2-97ED-59EEA3CAE010}.Debug|Any CPU.Build.0 = Debug|Any CPU
		{F4F22364-004D-48C2-97ED-59EEA3CAE010}.Release|Any CPU.ActiveCfg = Release|Any CPU
		{F4F22364-004D-48C2-97ED-59EEA3CAE010}.Release|Any CPU.Build.0 = Release|Any CPU
		{47E5A811-4132-4E51-97A2-87621B136A83}.Debug|Any CPU.ActiveCfg = Debug|Any CPU
		{47E5A811-4132-4E51-97A2-87621B136A83}.Debug|Any CPU.Build.0 = Debug|Any CPU
		{47E5A811-4132-4E51-97A2-87621B136A83}.Release|Any CPU.ActiveCfg = Release|Any CPU
		{47E5A811-4132-4E51-97A2-87621B136A83}.Release|Any CPU.Build.0 = Release|Any CPU
		{4EC0EF52-E96C-452F-918B-4A808D732E59}.Debug|Any CPU.ActiveCfg = Debug|Any CPU
		{4EC0EF52-E96C-452F-918B-4A808D732E59}.Debug|Any CPU.Build.0 = Debug|Any CPU
		{4EC0EF52-E96C-452F-918B-4A808D732E59}.Release|Any CPU.ActiveCfg = Release|Any CPU
		{4EC0EF52-E96C-452F-918B-4A808D732E59}.Release|Any CPU.Build.0 = Release|Any CPU
	EndGlobalSection
	GlobalSection(SolutionProperties) = preSolution
		HideSolutionNode = FALSE
	EndGlobalSection
	GlobalSection(ExtensibilityGlobals) = postSolution
		SolutionGuid = {1B1CD462-3A41-4AD3-9B4A-E69C045FE221}
	EndGlobalSection
EndGlobal
